{
  "name": "todomvc-app-template",
  "lockfileVersion": 3,
  "requires": true,
  "packages": {
    "": {
      "dependencies": {
        "todomvc-app-css": "^2.0.0",
        "todomvc-common": "^1.0.0"
      }
    },
    "node_modules/todomvc-app-css": {
      "version": "2.4.3",
      "license": "CC-BY-4.0",
      "engines": {
        "node": ">=4"
      }
    },
    "node_modules/todomvc-common": {
      "version": "1.0.5",
      "license": "MIT"
    }
  }
}
